
Microsoft Visual Studio Solution File, Format Version 12.00
# Visual Studio Version 16
VisualStudioVersion = 16.0.29926.136
MinimumVisualStudioVersion = 10.0.40219.1
Project("{FAE04EC0-301F-11D3-BF4B-00C04F79EFBC}") = "ChatosClient", "ChatosClient\ChatosClient.csproj", "{3908D6EC-99FD-42A8-A0A1-AD025FAC9693}"
EndProject
Global
	GlobalSection(SolutionConfigurationPlatforms) = preSolution
		Debug|Any CPU = Debug|Any CPU
		Release|Any CPU = Release|Any CPU
	EndGlobalSection
	GlobalSection(ProjectConfigurationPlatforms) = postSolution
		{3908D6EC-99FD-42A8-A0A1-AD025FAC9693}.Debug|Any CPU.ActiveCfg = Debug|Any CPU
		{3908D6EC-99FD-42A8-A0A1-AD025FAC9693}.Debug|Any CPU.Build.0 = Debug|Any CPU
		{3908D6EC-99FD-42A8-A0A1-AD025FAC9693}.Release|Any CPU.ActiveCfg = Release|Any CPU
		{3908D6EC-99FD-42A8-A0A1-AD025FAC9693}.Release|Any CPU.Build.0 = Release|Any CPU
	EndGlobalSection
	GlobalSection(SolutionProperties) = preSolution
		HideSolutionNode = FALSE
	EndGlobalSection
	GlobalSection(ExtensibilityGlobals) = postSolution
		SolutionGuid = {9848F441-CA7E-47A9-83CD-ECF8A84473CD}
	EndGlobalSection
EndGlobal
